
Microsoft Visual Studio Solution File, Format Version 12.00
# Visual Studio Version 17
VisualStudioVersion = 17.0.31903.59
MinimumVisualStudioVersion = 10.0.40219.1
Project("{2150E333-8FDC-42A3-9474-1A3956D46DE8}") = "src", "src", "{E32DC56D-DB88-4511-BE13-0EBE2EBB581B}"
	ProjectSection(SolutionItems) = preProject
		src\Shared\SharedSettings.json = src\Shared\SharedSettings.json
	EndProjectSection
EndProject
Project("{FAE04EC0-301F-11D3-BF4B-00C04F79EFBC}") = "Sender", "src\Sender\Sender.csproj", "{3C9527A1-DDB7-410C-AABD-2CBD3DBBC9F8}"
EndProject
Project("{FAE04EC0-301F-11D3-BF4B-00C04F79EFBC}") = "Recipient", "src\Recipient\Recipient.csproj", "{94E333FB-60CB-426E-8578-37B2A944AAC5}"
EndProject
Project("{2150E333-8FDC-42A3-9474-1A3956D46DE8}") = "tests", "tests", "{BCAFF18D-8C73-4648-BEA5-77AA4CBBDC43}"
EndProject
Project("{FAE04EC0-301F-11D3-BF4B-00C04F79EFBC}") = "ZipFileTests", "src\tests\ZipfileTests\ZipFileTests.csproj", "{5DA6A634-4FD7-4EA5-948D-4E2D3B88E703}"
EndProject
Project("{FAE04EC0-301F-11D3-BF4B-00C04F79EFBC}") = "Domain", "src\Domain\Domain.csproj", "{4D1B4F2F-C51A-477F-85E4-361C34754330}"
EndProject
Project("{FAE04EC0-301F-11D3-BF4B-00C04F79EFBC}") = "Infrastructure", "src\Infrastructure\Infrastructure.csproj", "{4C9A559C-5645-45CA-ADA6-30A7813363DB}"
EndProject
Global
	GlobalSection(SolutionConfigurationPlatforms) = preSolution
		Debug|Any CPU = Debug|Any CPU
		Release|Any CPU = Release|Any CPU
	EndGlobalSection
	GlobalSection(SolutionProperties) = preSolution
		HideSolutionNode = FALSE
	EndGlobalSection
	GlobalSection(ProjectConfigurationPlatforms) = postSolution
		{3C9527A1-DDB7-410C-AABD-2CBD3DBBC9F8}.Debug|Any CPU.ActiveCfg = Debug|Any CPU
		{3C9527A1-DDB7-410C-AABD-2CBD3DBBC9F8}.Debug|Any CPU.Build.0 = Debug|Any CPU
		{3C9527A1-DDB7-410C-AABD-2CBD3DBBC9F8}.Release|Any CPU.ActiveCfg = Release|Any CPU
		{3C9527A1-DDB7-410C-AABD-2CBD3DBBC9F8}.Release|Any CPU.Build.0 = Release|Any CPU
		{94E333FB-60CB-426E-8578-37B2A944AAC5}.Debug|Any CPU.ActiveCfg = Debug|Any CPU
		{94E333FB-60CB-426E-8578-37B2A944AAC5}.Debug|Any CPU.Build.0 = Debug|Any CPU
		{94E333FB-60CB-426E-8578-37B2A944AAC5}.Release|Any CPU.ActiveCfg = Release|Any CPU
		{94E333FB-60CB-426E-8578-37B2A944AAC5}.Release|Any CPU.Build.0 = Release|Any CPU
		{5DA6A634-4FD7-4EA5-948D-4E2D3B88E703}.Debug|Any CPU.ActiveCfg = Debug|Any CPU
		{5DA6A634-4FD7-4EA5-948D-4E2D3B88E703}.Debug|Any CPU.Build.0 = Debug|Any CPU
		{5DA6A634-4FD7-4EA5-948D-4E2D3B88E703}.Release|Any CPU.ActiveCfg = Release|Any CPU
		{5DA6A634-4FD7-4EA5-948D-4E2D3B88E703}.Release|Any CPU.Build.0 = Release|Any CPU
		{4D1B4F2F-C51A-477F-85E4-361C34754330}.Debug|Any CPU.ActiveCfg = Debug|Any CPU
		{4D1B4F2F-C51A-477F-85E4-361C34754330}.Debug|Any CPU.Build.0 = Debug|Any CPU
		{4D1B4F2F-C51A-477F-85E4-361C34754330}.Release|Any CPU.ActiveCfg = Release|Any CPU
		{4D1B4F2F-C51A-477F-85E4-361C34754330}.Release|Any CPU.Build.0 = Release|Any CPU
		{4C9A559C-5645-45CA-ADA6-30A7813363DB}.Debug|Any CPU.ActiveCfg = Debug|Any CPU
		{4C9A559C-5645-45CA-ADA6-30A7813363DB}.Debug|Any CPU.Build.0 = Debug|Any CPU
		{4C9A559C-5645-45CA-ADA6-30A7813363DB}.Release|Any CPU.ActiveCfg = Release|Any CPU
		{4C9A559C-5645-45CA-ADA6-30A7813363DB}.Release|Any CPU.Build.0 = Release|Any CPU
	EndGlobalSection
	GlobalSection(NestedProjects) = preSolution
		{3C9527A1-DDB7-410C-AABD-2CBD3DBBC9F8} = {E32DC56D-DB88-4511-BE13-0EBE2EBB581B}
		{94E333FB-60CB-426E-8578-37B2A944AAC5} = {E32DC56D-DB88-4511-BE13-0EBE2EBB581B}
		{BCAFF18D-8C73-4648-BEA5-77AA4CBBDC43} = {E32DC56D-DB88-4511-BE13-0EBE2EBB581B}
		{5DA6A634-4FD7-4EA5-948D-4E2D3B88E703} = {BCAFF18D-8C73-4648-BEA5-77AA4CBBDC43}
		{4D1B4F2F-C51A-477F-85E4-361C34754330} = {E32DC56D-DB88-4511-BE13-0EBE2EBB581B}
		{4C9A559C-5645-45CA-ADA6-30A7813363DB} = {E32DC56D-DB88-4511-BE13-0EBE2EBB581B}
	EndGlobalSection
EndGlobal
