
Microsoft Visual Studio Solution File, Format Version 12.00
Project("{FAE04EC0-301F-11D3-BF4B-00C04F79EFBC}") = "Common", "src\Core\Common\Common.csproj", "{ABAD9AF2-32F3-4637-8C1E-3501EF74CD53}"
EndProject
Project("{2150E333-8FDC-42A3-9474-1A3956D46DE8}") = "src", "src", "{001FD0A8-DB39-4E09-B243-98522F2FDB09}"
ProjectSection(SolutionItems) = preProject
	src\.dockerignore = src\.dockerignore
	src\docker-compose.yml = src\docker-compose.yml
EndProjectSection
EndProject
Project("{2150E333-8FDC-42A3-9474-1A3956D46DE8}") = "Core", "Core", "{CB4C7750-A5FC-4952-B265-0A26A38EC32A}"
EndProject
Project("{FAE04EC0-301F-11D3-BF4B-00C04F79EFBC}") = "DataAccess", "src\Core\DataAccess\DataAccess.csproj", "{C55F6417-9F4E-4D2E-91E9-88A6363A90AB}"
EndProject
Project("{FAE04EC0-301F-11D3-BF4B-00C04F79EFBC}") = "Entities", "src\Core\Entities\Entities.csproj", "{C305DF6F-419E-4879-B717-126E04E71551}"
EndProject
Project("{FAE04EC0-301F-11D3-BF4B-00C04F79EFBC}") = "Network", "src\Core\Network\Network.csproj", "{60B29FBC-8730-40BA-ABDA-3ECE5AB924E2}"
EndProject
Project("{FAE04EC0-301F-11D3-BF4B-00C04F79EFBC}") = "ZipManagementService", "src\Core\ZipManagementService\ZipManagementService.csproj", "{EFDE11DB-BFA3-4E58-BE92-982E3F8372C5}"
EndProject
Project("{2150E333-8FDC-42A3-9474-1A3956D46DE8}") = "Security", "Security", "{897213A9-F3C4-4597-8606-B1EA1E7F1AF6}"
EndProject
Project("{FAE04EC0-301F-11D3-BF4B-00C04F79EFBC}") = "Authenticator", "src\Security\Authenticator\Authenticator.csproj", "{A6695D1E-FC6E-4BBB-B291-C9DB8152B9D3}"
EndProject
Project("{FAE04EC0-301F-11D3-BF4B-00C04F79EFBC}") = "Cryptor", "src\Security\Cryptor\Cryptor.csproj", "{3BD34D70-86EA-45AE-91AF-8FFFC8CBCDE6}"
EndProject
Project("{2150E333-8FDC-42A3-9474-1A3956D46DE8}") = "Shared", "Shared", "{13CBF79D-2605-49B4-882A-381D6A02A8B7}"
ProjectSection(SolutionItems) = preProject
	src\Shared\SharedSettings.json = src\Shared\SharedSettings.json
EndProjectSection
EndProject
Project("{FAE04EC0-301F-11D3-BF4B-00C04F79EFBC}") = "Sender", "src\Sender\Sender.csproj", "{39000CA4-B660-4288-8047-7181293B33B9}"
EndProject
Project("{2150E333-8FDC-42A3-9474-1A3956D46DE8}") = "test", "test", "{E78F384B-25E0-4AD2-9E9A-257409D89F5A}"
EndProject
Project("{FAE04EC0-301F-11D3-BF4B-00C04F79EFBC}") = "CyptoTests", "test\CyptoTests\CyptoTests.csproj", "{AE58A99E-D584-423B-B8F5-91EF2D9FDD94}"
EndProject
Project("{FAE04EC0-301F-11D3-BF4B-00C04F79EFBC}") = "RepositoryTests", "test\RepositoryTests\RepositoryTests.csproj", "{F7E5C00B-E6F2-47FF-A4E4-2A81838AD3C6}"
EndProject
Project("{FAE04EC0-301F-11D3-BF4B-00C04F79EFBC}") = "Recipient", "src\Recipient\Recipient.csproj", "{DFBB3856-32EC-40F8-8978-A88A0E518D23}"
EndProject
Project("{FAE04EC0-301F-11D3-BF4B-00C04F79EFBC}") = "ZipFileManagementTests", "test\ZipFileManagementTests\ZipFileManagementTests.csproj", "{8C6DEF76-C0A2-433F-81D0-A836240C0579}"
EndProject
Project("{FAE04EC0-301F-11D3-BF4B-00C04F79EFBC}") = "TransferserviceTests", "test\TransferserviceTests\TransferserviceTests.csproj", "{E33E7625-E8FA-4945-A559-DBF48E651797}"
EndProject
Project("{FAE04EC0-301F-11D3-BF4B-00C04F79EFBC}") = "SenderControllerTests", "test\SenderControllerTests\SenderControllerTests.csproj", "{49938110-91C6-4143-8C70-ED364675FA6A}"
EndProject
Project("{2150E333-8FDC-42A3-9474-1A3956D46DE8}") = "docs", "docs", "{081ED262-B966-4F01-8381-ADA69168FFB7}"
ProjectSection(SolutionItems) = preProject
	..\..\..\Downloads\ZipFileTransger-Schema.png = ..\..\..\Downloads\ZipFileTransger-Schema.png
EndProjectSection
EndProject
Global
	GlobalSection(SolutionConfigurationPlatforms) = preSolution
		Debug|Any CPU = Debug|Any CPU
		Release|Any CPU = Release|Any CPU
	EndGlobalSection
	GlobalSection(ProjectConfigurationPlatforms) = postSolution
		{ABAD9AF2-32F3-4637-8C1E-3501EF74CD53}.Debug|Any CPU.ActiveCfg = Debug|Any CPU
		{ABAD9AF2-32F3-4637-8C1E-3501EF74CD53}.Debug|Any CPU.Build.0 = Debug|Any CPU
		{ABAD9AF2-32F3-4637-8C1E-3501EF74CD53}.Release|Any CPU.ActiveCfg = Release|Any CPU
		{ABAD9AF2-32F3-4637-8C1E-3501EF74CD53}.Release|Any CPU.Build.0 = Release|Any CPU
		{C55F6417-9F4E-4D2E-91E9-88A6363A90AB}.Debug|Any CPU.ActiveCfg = Debug|Any CPU
		{C55F6417-9F4E-4D2E-91E9-88A6363A90AB}.Debug|Any CPU.Build.0 = Debug|Any CPU
		{C55F6417-9F4E-4D2E-91E9-88A6363A90AB}.Release|Any CPU.ActiveCfg = Release|Any CPU
		{C55F6417-9F4E-4D2E-91E9-88A6363A90AB}.Release|Any CPU.Build.0 = Release|Any CPU
		{C305DF6F-419E-4879-B717-126E04E71551}.Debug|Any CPU.ActiveCfg = Debug|Any CPU
		{C305DF6F-419E-4879-B717-126E04E71551}.Debug|Any CPU.Build.0 = Debug|Any CPU
		{C305DF6F-419E-4879-B717-126E04E71551}.Release|Any CPU.ActiveCfg = Release|Any CPU
		{C305DF6F-419E-4879-B717-126E04E71551}.Release|Any CPU.Build.0 = Release|Any CPU
		{60B29FBC-8730-40BA-ABDA-3ECE5AB924E2}.Debug|Any CPU.ActiveCfg = Debug|Any CPU
		{60B29FBC-8730-40BA-ABDA-3ECE5AB924E2}.Debug|Any CPU.Build.0 = Debug|Any CPU
		{60B29FBC-8730-40BA-ABDA-3ECE5AB924E2}.Release|Any CPU.ActiveCfg = Release|Any CPU
		{60B29FBC-8730-40BA-ABDA-3ECE5AB924E2}.Release|Any CPU.Build.0 = Release|Any CPU
		{EFDE11DB-BFA3-4E58-BE92-982E3F8372C5}.Debug|Any CPU.ActiveCfg = Debug|Any CPU
		{EFDE11DB-BFA3-4E58-BE92-982E3F8372C5}.Debug|Any CPU.Build.0 = Debug|Any CPU
		{EFDE11DB-BFA3-4E58-BE92-982E3F8372C5}.Release|Any CPU.ActiveCfg = Release|Any CPU
		{EFDE11DB-BFA3-4E58-BE92-982E3F8372C5}.Release|Any CPU.Build.0 = Release|Any CPU
		{A6695D1E-FC6E-4BBB-B291-C9DB8152B9D3}.Debug|Any CPU.ActiveCfg = Debug|Any CPU
		{A6695D1E-FC6E-4BBB-B291-C9DB8152B9D3}.Debug|Any CPU.Build.0 = Debug|Any CPU
		{A6695D1E-FC6E-4BBB-B291-C9DB8152B9D3}.Release|Any CPU.ActiveCfg = Release|Any CPU
		{A6695D1E-FC6E-4BBB-B291-C9DB8152B9D3}.Release|Any CPU.Build.0 = Release|Any CPU
		{3BD34D70-86EA-45AE-91AF-8FFFC8CBCDE6}.Debug|Any CPU.ActiveCfg = Debug|Any CPU
		{3BD34D70-86EA-45AE-91AF-8FFFC8CBCDE6}.Debug|Any CPU.Build.0 = Debug|Any CPU
		{3BD34D70-86EA-45AE-91AF-8FFFC8CBCDE6}.Release|Any CPU.ActiveCfg = Release|Any CPU
		{3BD34D70-86EA-45AE-91AF-8FFFC8CBCDE6}.Release|Any CPU.Build.0 = Release|Any CPU
		{39000CA4-B660-4288-8047-7181293B33B9}.Debug|Any CPU.ActiveCfg = Debug|Any CPU
		{39000CA4-B660-4288-8047-7181293B33B9}.Debug|Any CPU.Build.0 = Debug|Any CPU
		{39000CA4-B660-4288-8047-7181293B33B9}.Release|Any CPU.ActiveCfg = Release|Any CPU
		{39000CA4-B660-4288-8047-7181293B33B9}.Release|Any CPU.Build.0 = Release|Any CPU
		{AE58A99E-D584-423B-B8F5-91EF2D9FDD94}.Debug|Any CPU.ActiveCfg = Debug|Any CPU
		{AE58A99E-D584-423B-B8F5-91EF2D9FDD94}.Debug|Any CPU.Build.0 = Debug|Any CPU
		{AE58A99E-D584-423B-B8F5-91EF2D9FDD94}.Release|Any CPU.ActiveCfg = Release|Any CPU
		{AE58A99E-D584-423B-B8F5-91EF2D9FDD94}.Release|Any CPU.Build.0 = Release|Any CPU
		{F7E5C00B-E6F2-47FF-A4E4-2A81838AD3C6}.Debug|Any CPU.ActiveCfg = Debug|Any CPU
		{F7E5C00B-E6F2-47FF-A4E4-2A81838AD3C6}.Debug|Any CPU.Build.0 = Debug|Any CPU
		{F7E5C00B-E6F2-47FF-A4E4-2A81838AD3C6}.Release|Any CPU.ActiveCfg = Release|Any CPU
		{F7E5C00B-E6F2-47FF-A4E4-2A81838AD3C6}.Release|Any CPU.Build.0 = Release|Any CPU
		{DFBB3856-32EC-40F8-8978-A88A0E518D23}.Debug|Any CPU.ActiveCfg = Debug|Any CPU
		{DFBB3856-32EC-40F8-8978-A88A0E518D23}.Debug|Any CPU.Build.0 = Debug|Any CPU
		{DFBB3856-32EC-40F8-8978-A88A0E518D23}.Release|Any CPU.ActiveCfg = Release|Any CPU
		{DFBB3856-32EC-40F8-8978-A88A0E518D23}.Release|Any CPU.Build.0 = Release|Any CPU
		{8C6DEF76-C0A2-433F-81D0-A836240C0579}.Debug|Any CPU.ActiveCfg = Debug|Any CPU
		{8C6DEF76-C0A2-433F-81D0-A836240C0579}.Debug|Any CPU.Build.0 = Debug|Any CPU
		{8C6DEF76-C0A2-433F-81D0-A836240C0579}.Release|Any CPU.ActiveCfg = Release|Any CPU
		{8C6DEF76-C0A2-433F-81D0-A836240C0579}.Release|Any CPU.Build.0 = Release|Any CPU
		{E33E7625-E8FA-4945-A559-DBF48E651797}.Debug|Any CPU.ActiveCfg = Debug|Any CPU
		{E33E7625-E8FA-4945-A559-DBF48E651797}.Debug|Any CPU.Build.0 = Debug|Any CPU
		{E33E7625-E8FA-4945-A559-DBF48E651797}.Release|Any CPU.ActiveCfg = Release|Any CPU
		{E33E7625-E8FA-4945-A559-DBF48E651797}.Release|Any CPU.Build.0 = Release|Any CPU
		{49938110-91C6-4143-8C70-ED364675FA6A}.Debug|Any CPU.ActiveCfg = Debug|Any CPU
		{49938110-91C6-4143-8C70-ED364675FA6A}.Debug|Any CPU.Build.0 = Debug|Any CPU
		{49938110-91C6-4143-8C70-ED364675FA6A}.Release|Any CPU.ActiveCfg = Release|Any CPU
		{49938110-91C6-4143-8C70-ED364675FA6A}.Release|Any CPU.Build.0 = Release|Any CPU
	EndGlobalSection
	GlobalSection(NestedProjects) = preSolution
		{CB4C7750-A5FC-4952-B265-0A26A38EC32A} = {001FD0A8-DB39-4E09-B243-98522F2FDB09}
		{ABAD9AF2-32F3-4637-8C1E-3501EF74CD53} = {CB4C7750-A5FC-4952-B265-0A26A38EC32A}
		{C55F6417-9F4E-4D2E-91E9-88A6363A90AB} = {CB4C7750-A5FC-4952-B265-0A26A38EC32A}
		{C305DF6F-419E-4879-B717-126E04E71551} = {CB4C7750-A5FC-4952-B265-0A26A38EC32A}
		{60B29FBC-8730-40BA-ABDA-3ECE5AB924E2} = {CB4C7750-A5FC-4952-B265-0A26A38EC32A}
		{EFDE11DB-BFA3-4E58-BE92-982E3F8372C5} = {CB4C7750-A5FC-4952-B265-0A26A38EC32A}
		{897213A9-F3C4-4597-8606-B1EA1E7F1AF6} = {001FD0A8-DB39-4E09-B243-98522F2FDB09}
		{A6695D1E-FC6E-4BBB-B291-C9DB8152B9D3} = {897213A9-F3C4-4597-8606-B1EA1E7F1AF6}
		{3BD34D70-86EA-45AE-91AF-8FFFC8CBCDE6} = {897213A9-F3C4-4597-8606-B1EA1E7F1AF6}
		{13CBF79D-2605-49B4-882A-381D6A02A8B7} = {001FD0A8-DB39-4E09-B243-98522F2FDB09}
		{39000CA4-B660-4288-8047-7181293B33B9} = {001FD0A8-DB39-4E09-B243-98522F2FDB09}
		{AE58A99E-D584-423B-B8F5-91EF2D9FDD94} = {E78F384B-25E0-4AD2-9E9A-257409D89F5A}
		{F7E5C00B-E6F2-47FF-A4E4-2A81838AD3C6} = {E78F384B-25E0-4AD2-9E9A-257409D89F5A}
		{DFBB3856-32EC-40F8-8978-A88A0E518D23} = {001FD0A8-DB39-4E09-B243-98522F2FDB09}
		{8C6DEF76-C0A2-433F-81D0-A836240C0579} = {E78F384B-25E0-4AD2-9E9A-257409D89F5A}
		{E33E7625-E8FA-4945-A559-DBF48E651797} = {E78F384B-25E0-4AD2-9E9A-257409D89F5A}
		{49938110-91C6-4143-8C70-ED364675FA6A} = {E78F384B-25E0-4AD2-9E9A-257409D89F5A}
	EndGlobalSection
EndGlobal
